// !$*UTF8*$!
{
	archiveVersion = 1;
	classes = {
	};
	objectVersion = 55;
	objects = {

/* Begin PBXBuildFile section */
		31042F7128CCA95D0090CBD3 /* HomeViewController.swift in Sources */ = {isa = PBXBuildFile; fileRef = 31042F7028CCA95D0090CBD3 /* HomeViewController.swift */; };
		3122EF8E290C256B0033133A /* WeatherTableCell.swift in Sources */ = {isa = PBXBuildFile; fileRef = 3122EF8D290C256B0033133A /* WeatherTableCell.swift */; };
		3122EF90290C32E00033133A /* WeatherCollectionViewController.swift in Sources */ = {isa = PBXBuildFile; fileRef = 3122EF8F290C32E00033133A /* WeatherCollectionViewController.swift */; };
		3122EF94290CEF5A0033133A /* WeatherTableViewHeader.swift in Sources */ = {isa = PBXBuildFile; fileRef = 3122EF93290CEF5A0033133A /* WeatherTableViewHeader.swift */; };
		314E73F02927FA0A0051F41C /* HomeModel.swift in Sources */ = {isa = PBXBuildFile; fileRef = 314E73EF2927FA0A0051F41C /* HomeModel.swift */; };
		314E73F3292810240051F41C /* Collections in Frameworks */ = {isa = PBXBuildFile; productRef = 314E73F2292810240051F41C /* Collections */; };
		314E73F5292810240051F41C /* DequeModule in Frameworks */ = {isa = PBXBuildFile; productRef = 314E73F4292810240051F41C /* DequeModule */; };
		314E73F7292810240051F41C /* OrderedCollections in Frameworks */ = {isa = PBXBuildFile; productRef = 314E73F6292810240051F41C /* OrderedCollections */; };
		3156D4CF28CC915A00C76E07 /* AppDelegate.swift in Sources */ = {isa = PBXBuildFile; fileRef = 3156D4CE28CC915A00C76E07 /* AppDelegate.swift */; };
		3156D4D828CC915B00C76E07 /* Assets.xcassets in Resources */ = {isa = PBXBuildFile; fileRef = 3156D4D728CC915B00C76E07 /* Assets.xcassets */; };
		3156D4DB28CC915B00C76E07 /* LaunchScreen.storyboard in Resources */ = {isa = PBXBuildFile; fileRef = 3156D4D928CC915B00C76E07 /* LaunchScreen.storyboard */; };
		3185DC8928DEEBF7001703DA /* WeatherBottomSheetViewController.swift in Sources */ = {isa = PBXBuildFile; fileRef = 3185DC8828DEEBF7001703DA /* WeatherBottomSheetViewController.swift */; };
		31A85DF72927C6B900FC6632 /* HomeService.swift in Sources */ = {isa = PBXBuildFile; fileRef = 31A85DF62927C6B900FC6632 /* HomeService.swift */; };
		31A85DF92927C8E500FC6632 /* HomeRouter.swift in Sources */ = {isa = PBXBuildFile; fileRef = 31A85DF82927C8E500FC6632 /* HomeRouter.swift */; };
		31A85DFB2927C8F200FC6632 /* HomeResponse.swift in Sources */ = {isa = PBXBuildFile; fileRef = 31A85DFA2927C8F200FC6632 /* HomeResponse.swift */; };
		31A85DFD2927EF0500FC6632 /* HomeAssembly.swift in Sources */ = {isa = PBXBuildFile; fileRef = 31A85DFC2927EF0500FC6632 /* HomeAssembly.swift */; };
		31D88C5D2930F98F003B633D /* WeatherListResponse.swift in Sources */ = {isa = PBXBuildFile; fileRef = 31D88C5C2930F98F003B633D /* WeatherListResponse.swift */; };
		31D88C5F2930FF89003B633D /* WeatherListRouter.swift in Sources */ = {isa = PBXBuildFile; fileRef = 31D88C5E2930FF89003B633D /* WeatherListRouter.swift */; };
		31D88C612931014A003B633D /* WeatherService.swift in Sources */ = {isa = PBXBuildFile; fileRef = 31D88C602931014A003B633D /* WeatherService.swift */; };
		31DFAEF7291F5BA400EAE84B /* NetworkService.swift in Sources */ = {isa = PBXBuildFile; fileRef = 31DFAEF3291F5BA400EAE84B /* NetworkService.swift */; };
		31DFAEF8291F5BA400EAE84B /* HTTPMethod.swift in Sources */ = {isa = PBXBuildFile; fileRef = 31DFAEF4291F5BA400EAE84B /* HTTPMethod.swift */; };
		31DFAEF9291F5BA400EAE84B /* NetworkError.swift in Sources */ = {isa = PBXBuildFile; fileRef = 31DFAEF5291F5BA400EAE84B /* NetworkError.swift */; };
		31DFAEFA291F5BA400EAE84B /* Router.swift in Sources */ = {isa = PBXBuildFile; fileRef = 31DFAEF6291F5BA400EAE84B /* Router.swift */; };
		31E444C828D5B221002EFEA3 /* HomeViewPresenter.swift in Sources */ = {isa = PBXBuildFile; fileRef = 31E444C728D5B221002EFEA3 /* HomeViewPresenter.swift */; };
		31EBB29329311F3C00E3D1B2 /* WeatherDayModel.swift in Sources */ = {isa = PBXBuildFile; fileRef = 31EBB29229311F3C00E3D1B2 /* WeatherDayModel.swift */; };
		31EEBD5429281DD400D8476C /* WeatherBottomAssembly.swift in Sources */ = {isa = PBXBuildFile; fileRef = 31EEBD5329281DD400D8476C /* WeatherBottomAssembly.swift */; };
		31EEBD5829281F4200D8476C /* WeatherBottomSheetPresenter.swift in Sources */ = {isa = PBXBuildFile; fileRef = 31EEBD5729281F4200D8476C /* WeatherBottomSheetPresenter.swift */; };
		31FA95C92911CF0A00E3B7F8 /* WeatherCollectionViewCell.swift in Sources */ = {isa = PBXBuildFile; fileRef = 31FA95C82911CF0A00E3B7F8 /* WeatherCollectionViewCell.swift */; };
		761CFE0037F9A5C0D84B8CB0 /* Pods_Weather_App.framework in Frameworks */ = {isa = PBXBuildFile; fileRef = 0547857D55181BB031BD9BCA /* Pods_Weather_App.framework */; };
/* End PBXBuildFile section */

/* Begin PBXFileReference section */
		0547857D55181BB031BD9BCA /* Pods_Weather_App.framework */ = {isa = PBXFileReference; explicitFileType = wrapper.framework; includeInIndex = 0; path = Pods_Weather_App.framework; sourceTree = BUILT_PRODUCTS_DIR; };
		31042F7028CCA95D0090CBD3 /* HomeViewController.swift */ = {isa = PBXFileReference; lastKnownFileType = sourcecode.swift; path = HomeViewController.swift; sourceTree = "<group>"; };
		3122EF8D290C256B0033133A /* WeatherTableCell.swift */ = {isa = PBXFileReference; lastKnownFileType = sourcecode.swift; path = WeatherTableCell.swift; sourceTree = "<group>"; };
		3122EF8F290C32E00033133A /* WeatherCollectionViewController.swift */ = {isa = PBXFileReference; lastKnownFileType = sourcecode.swift; path = WeatherCollectionViewController.swift; sourceTree = "<group>"; };
		3122EF93290CEF5A0033133A /* WeatherTableViewHeader.swift */ = {isa = PBXFileReference; lastKnownFileType = sourcecode.swift; path = WeatherTableViewHeader.swift; sourceTree = "<group>"; };
		314E73EF2927FA0A0051F41C /* HomeModel.swift */ = {isa = PBXFileReference; lastKnownFileType = sourcecode.swift; path = HomeModel.swift; sourceTree = "<group>"; };
		3156D4CB28CC915A00C76E07 /* Weather-App.app */ = {isa = PBXFileReference; explicitFileType = wrapper.application; includeInIndex = 0; path = "Weather-App.app"; sourceTree = BUILT_PRODUCTS_DIR; };
		3156D4CE28CC915A00C76E07 /* AppDelegate.swift */ = {isa = PBXFileReference; lastKnownFileType = sourcecode.swift; path = AppDelegate.swift; sourceTree = "<group>"; };
		3156D4D728CC915B00C76E07 /* Assets.xcassets */ = {isa = PBXFileReference; lastKnownFileType = folder.assetcatalog; path = Assets.xcassets; sourceTree = "<group>"; };
		3156D4DA28CC915B00C76E07 /* Base */ = {isa = PBXFileReference; lastKnownFileType = file.storyboard; name = Base; path = Base.lproj/LaunchScreen.storyboard; sourceTree = "<group>"; };
		3156D4DC28CC915B00C76E07 /* Info.plist */ = {isa = PBXFileReference; lastKnownFileType = text.plist.xml; path = Info.plist; sourceTree = "<group>"; };
		3185DC8828DEEBF7001703DA /* WeatherBottomSheetViewController.swift */ = {isa = PBXFileReference; lastKnownFileType = sourcecode.swift; path = WeatherBottomSheetViewController.swift; sourceTree = "<group>"; };
		31A85DF62927C6B900FC6632 /* HomeService.swift */ = {isa = PBXFileReference; lastKnownFileType = sourcecode.swift; path = HomeService.swift; sourceTree = "<group>"; };
		31A85DF82927C8E500FC6632 /* HomeRouter.swift */ = {isa = PBXFileReference; lastKnownFileType = sourcecode.swift; path = HomeRouter.swift; sourceTree = "<group>"; };
		31A85DFA2927C8F200FC6632 /* HomeResponse.swift */ = {isa = PBXFileReference; lastKnownFileType = sourcecode.swift; path = HomeResponse.swift; sourceTree = "<group>"; };
		31A85DFC2927EF0500FC6632 /* HomeAssembly.swift */ = {isa = PBXFileReference; lastKnownFileType = sourcecode.swift; path = HomeAssembly.swift; sourceTree = "<group>"; };
		31D88C5C2930F98F003B633D /* WeatherListResponse.swift */ = {isa = PBXFileReference; lastKnownFileType = sourcecode.swift; path = WeatherListResponse.swift; sourceTree = "<group>"; };
		31D88C5E2930FF89003B633D /* WeatherListRouter.swift */ = {isa = PBXFileReference; lastKnownFileType = sourcecode.swift; path = WeatherListRouter.swift; sourceTree = "<group>"; };
		31D88C602931014A003B633D /* WeatherService.swift */ = {isa = PBXFileReference; lastKnownFileType = sourcecode.swift; path = WeatherService.swift; sourceTree = "<group>"; };
		31DFAEF3291F5BA400EAE84B /* NetworkService.swift */ = {isa = PBXFileReference; fileEncoding = 4; lastKnownFileType = sourcecode.swift; name = NetworkService.swift; path = "../../../../../ios-developer/CurrencyApp/CurrencyApp/Core/Services/NetworkService/NetworkService.swift"; sourceTree = "<group>"; };
		31DFAEF4291F5BA400EAE84B /* HTTPMethod.swift */ = {isa = PBXFileReference; fileEncoding = 4; lastKnownFileType = sourcecode.swift; name = HTTPMethod.swift; path = "../../../../../ios-developer/CurrencyApp/CurrencyApp/Core/Services/NetworkService/HTTPMethod.swift"; sourceTree = "<group>"; };
		31DFAEF5291F5BA400EAE84B /* NetworkError.swift */ = {isa = PBXFileReference; fileEncoding = 4; lastKnownFileType = sourcecode.swift; name = NetworkError.swift; path = "../../../../../ios-developer/CurrencyApp/CurrencyApp/Core/Services/NetworkService/NetworkError.swift"; sourceTree = "<group>"; };
		31DFAEF6291F5BA400EAE84B /* Router.swift */ = {isa = PBXFileReference; fileEncoding = 4; lastKnownFileType = sourcecode.swift; name = Router.swift; path = "../../../../../ios-developer/CurrencyApp/CurrencyApp/Core/Services/NetworkService/Router.swift"; sourceTree = "<group>"; };
		31E444C728D5B221002EFEA3 /* HomeViewPresenter.swift */ = {isa = PBXFileReference; lastKnownFileType = sourcecode.swift; path = HomeViewPresenter.swift; sourceTree = "<group>"; };
		31EBB29229311F3C00E3D1B2 /* WeatherDayModel.swift */ = {isa = PBXFileReference; lastKnownFileType = sourcecode.swift; path = WeatherDayModel.swift; sourceTree = "<group>"; };
		31EEBD5329281DD400D8476C /* WeatherBottomAssembly.swift */ = {isa = PBXFileReference; lastKnownFileType = sourcecode.swift; path = WeatherBottomAssembly.swift; sourceTree = "<group>"; };
		31EEBD5729281F4200D8476C /* WeatherBottomSheetPresenter.swift */ = {isa = PBXFileReference; lastKnownFileType = sourcecode.swift; path = WeatherBottomSheetPresenter.swift; sourceTree = "<group>"; };
		31FA95C82911CF0A00E3B7F8 /* WeatherCollectionViewCell.swift */ = {isa = PBXFileReference; lastKnownFileType = sourcecode.swift; path = WeatherCollectionViewCell.swift; sourceTree = "<group>"; };
		889DDACD26D0BFBA54BDA69C /* Pods-Weather-App.debug.xcconfig */ = {isa = PBXFileReference; includeInIndex = 1; lastKnownFileType = text.xcconfig; name = "Pods-Weather-App.debug.xcconfig"; path = "Target Support Files/Pods-Weather-App/Pods-Weather-App.debug.xcconfig"; sourceTree = "<group>"; };
		B4622335F86FD22607C78879 /* Pods-Weather-App.release.xcconfig */ = {isa = PBXFileReference; includeInIndex = 1; lastKnownFileType = text.xcconfig; name = "Pods-Weather-App.release.xcconfig"; path = "Target Support Files/Pods-Weather-App/Pods-Weather-App.release.xcconfig"; sourceTree = "<group>"; };
/* End PBXFileReference section */

/* Begin PBXFrameworksBuildPhase section */
		3156D4C828CC915A00C76E07 /* Frameworks */ = {
			isa = PBXFrameworksBuildPhase;
			buildActionMask = 2147483647;
			files = (
				314E73F3292810240051F41C /* Collections in Frameworks */,
				761CFE0037F9A5C0D84B8CB0 /* Pods_Weather_App.framework in Frameworks */,
				314E73F7292810240051F41C /* OrderedCollections in Frameworks */,
				314E73F5292810240051F41C /* DequeModule in Frameworks */,
			);
			runOnlyForDeploymentPostprocessing = 0;
		};
/* End PBXFrameworksBuildPhase section */

/* Begin PBXGroup section */
		18CB026B547F05A6433043A5 /* Frameworks */ = {
			isa = PBXGroup;
			children = (
				0547857D55181BB031BD9BCA /* Pods_Weather_App.framework */,
			);
			name = Frameworks;
			sourceTree = "<group>";
		};
		31042F6928CCA6EB0090CBD3 /* Core */ = {
			isa = PBXGroup;
			children = (
				31042F6D28CCA8010090CBD3 /* Data */,
			);
			path = Core;
			sourceTree = "<group>";
		};
		31042F6A28CCA6F30090CBD3 /* Modules */ = {
			isa = PBXGroup;
			children = (
				31EEBD592928203B00D8476C /* WeatherHours */,
				3185DC8728DEE57E001703DA /* HomeBottomSheet */,
				31042F6F28CCA9410090CBD3 /* Home */,
			);
			path = Modules;
			sourceTree = "<group>";
		};
		31042F6B28CCA7120090CBD3 /* Resources */ = {
			isa = PBXGroup;
			children = (
				3156D4D728CC915B00C76E07 /* Assets.xcassets */,
				31042F6C28CCA7200090CBD3 /* Fonts */,
			);
			path = Resources;
			sourceTree = "<group>";
		};
		31042F6C28CCA7200090CBD3 /* Fonts */ = {
			isa = PBXGroup;
			children = (
			);
			path = Fonts;
			sourceTree = "<group>";
		};
		31042F6D28CCA8010090CBD3 /* Data */ = {
			isa = PBXGroup;
			children = (
				31DFAEF2291F5B9600EAE84B /* NetworkService */,
				31042F6E28CCA8180090CBD3 /* Models */,
			);
			path = Data;
			sourceTree = "<group>";
		};
		31042F6E28CCA8180090CBD3 /* Models */ = {
			isa = PBXGroup;
			children = (
			);
			path = Models;
			sourceTree = "<group>";
		};
		31042F6F28CCA9410090CBD3 /* Home */ = {
			isa = PBXGroup;
			children = (
				31A85DF52927C6A900FC6632 /* Service */,
				31A85DF22927AE6D00FC6632 /* Model */,
				31E444C628D5B1EC002EFEA3 /* Presenter */,
				31E444C528D5B1E0002EFEA3 /* View */,
				31A85DFC2927EF0500FC6632 /* HomeAssembly.swift */,
			);
			path = Home;
			sourceTree = "<group>";
		};
		3122EF91290C32EE0033133A /* TableComponent */ = {
			isa = PBXGroup;
			children = (
				3122EF8D290C256B0033133A /* WeatherTableCell.swift */,
				3122EF93290CEF5A0033133A /* WeatherTableViewHeader.swift */,
			);
			path = TableComponent;
			sourceTree = "<group>";
		};
		314E73EE2927F6240051F41C /* Application */ = {
			isa = PBXGroup;
			children = (
				3156D4DC28CC915B00C76E07 /* Info.plist */,
				3156D4CE28CC915A00C76E07 /* AppDelegate.swift */,
				3156D4D928CC915B00C76E07 /* LaunchScreen.storyboard */,
			);
			path = Application;
			sourceTree = "<group>";
		};
		3156D4C228CC915A00C76E07 = {
			isa = PBXGroup;
			children = (
				3156D4CD28CC915A00C76E07 /* Weather-App */,
				3156D4CC28CC915A00C76E07 /* Products */,
				F916CB05876E538766D86F29 /* Pods */,
				18CB026B547F05A6433043A5 /* Frameworks */,
			);
			sourceTree = "<group>";
		};
		3156D4CC28CC915A00C76E07 /* Products */ = {
			isa = PBXGroup;
			children = (
				3156D4CB28CC915A00C76E07 /* Weather-App.app */,
			);
			name = Products;
			sourceTree = "<group>";
		};
		3156D4CD28CC915A00C76E07 /* Weather-App */ = {
			isa = PBXGroup;
			children = (
				314E73EE2927F6240051F41C /* Application */,
				31042F6B28CCA7120090CBD3 /* Resources */,
				31042F6A28CCA6F30090CBD3 /* Modules */,
				31042F6928CCA6EB0090CBD3 /* Core */,
			);
			path = "Weather-App";
			sourceTree = "<group>";
		};
		3185DC8728DEE57E001703DA /* HomeBottomSheet */ = {
			isa = PBXGroup;
			children = (
				31D88C6229311DC3003B633D /* Model */,
				31EEBD5629281F2A00D8476C /* Presenter */,
				31EEBD5529281DFA00D8476C /* Service */,
				3122EF91290C32EE0033133A /* TableComponent */,
				3185DC8A28DEEC0D001703DA /* View */,
				31EEBD5329281DD400D8476C /* WeatherBottomAssembly.swift */,
			);
			path = HomeBottomSheet;
			sourceTree = "<group>";
		};
		3185DC8A28DEEC0D001703DA /* View */ = {
			isa = PBXGroup;
			children = (
				3185DC8828DEEBF7001703DA /* WeatherBottomSheetViewController.swift */,
			);
			path = View;
			sourceTree = "<group>";
		};
		31A85DF22927AE6D00FC6632 /* Model */ = {
			isa = PBXGroup;
			children = (
				314E73EF2927FA0A0051F41C /* HomeModel.swift */,
			);
			path = Model;
			sourceTree = "<group>";
		};
		31A85DF52927C6A900FC6632 /* Service */ = {
			isa = PBXGroup;
			children = (
				31A85DF62927C6B900FC6632 /* HomeService.swift */,
				31A85DF82927C8E500FC6632 /* HomeRouter.swift */,
				31A85DFA2927C8F200FC6632 /* HomeResponse.swift */,
			);
			path = Service;
			sourceTree = "<group>";
		};
		31D88C6229311DC3003B633D /* Model */ = {
			isa = PBXGroup;
			children = (
				31EBB29229311F3C00E3D1B2 /* WeatherDayModel.swift */,
			);
			path = Model;
			sourceTree = "<group>";
		};
		31DFAEF2291F5B9600EAE84B /* NetworkService */ = {
			isa = PBXGroup;
			children = (
				31DFAEF4291F5BA400EAE84B /* HTTPMethod.swift */,
				31DFAEF5291F5BA400EAE84B /* NetworkError.swift */,
				31DFAEF3291F5BA400EAE84B /* NetworkService.swift */,
				31DFAEF6291F5BA400EAE84B /* Router.swift */,
			);
			path = NetworkService;
			sourceTree = "<group>";
		};
		31E444C528D5B1E0002EFEA3 /* View */ = {
			isa = PBXGroup;
			children = (
				31042F7028CCA95D0090CBD3 /* HomeViewController.swift */,
			);
			path = View;
			sourceTree = "<group>";
		};
		31E444C628D5B1EC002EFEA3 /* Presenter */ = {
			isa = PBXGroup;
			children = (
				31E444C728D5B221002EFEA3 /* HomeViewPresenter.swift */,
			);
			path = Presenter;
			sourceTree = "<group>";
		};
		31EEBD5529281DFA00D8476C /* Service */ = {
			isa = PBXGroup;
			children = (
				31D88C5C2930F98F003B633D /* WeatherListResponse.swift */,
				31D88C5E2930FF89003B633D /* WeatherListRouter.swift */,
				31D88C602931014A003B633D /* WeatherService.swift */,
			);
			path = Service;
			sourceTree = "<group>";
		};
		31EEBD5629281F2A00D8476C /* Presenter */ = {
			isa = PBXGroup;
			children = (
				31EEBD5729281F4200D8476C /* WeatherBottomSheetPresenter.swift */,
			);
			path = Presenter;
			sourceTree = "<group>";
		};
		31EEBD592928203B00D8476C /* WeatherHours */ = {
			isa = PBXGroup;
			children = (
				31EEBD5B2928207000D8476C /* View */,
			);
			path = WeatherHours;
			sourceTree = "<group>";
		};
		31EEBD5B2928207000D8476C /* View */ = {
			isa = PBXGroup;
			children = (
				31FA95C82911CF0A00E3B7F8 /* WeatherCollectionViewCell.swift */,
				3122EF8F290C32E00033133A /* WeatherCollectionViewController.swift */,
			);
			path = View;
			sourceTree = "<group>";
		};
		F916CB05876E538766D86F29 /* Pods */ = {
			isa = PBXGroup;
			children = (
				889DDACD26D0BFBA54BDA69C /* Pods-Weather-App.debug.xcconfig */,
				B4622335F86FD22607C78879 /* Pods-Weather-App.release.xcconfig */,
			);
			path = Pods;
			sourceTree = "<group>";
		};
/* End PBXGroup section */

/* Begin PBXNativeTarget section */
		3156D4CA28CC915A00C76E07 /* Weather-App */ = {
			isa = PBXNativeTarget;
			buildConfigurationList = 3156D4DF28CC915B00C76E07 /* Build configuration list for PBXNativeTarget "Weather-App" */;
			buildPhases = (
				DB6725FF63D6C595A017CE90 /* [CP] Check Pods Manifest.lock */,
				3156D4C728CC915A00C76E07 /* Sources */,
				3156D4C828CC915A00C76E07 /* Frameworks */,
				3156D4C928CC915A00C76E07 /* Resources */,
				93167CD80D252553CB9CEC1E /* [CP] Embed Pods Frameworks */,
			);
			buildRules = (
			);
			dependencies = (
			);
			name = "Weather-App";
			packageProductDependencies = (
				314E73F2292810240051F41C /* Collections */,
				314E73F4292810240051F41C /* DequeModule */,
				314E73F6292810240051F41C /* OrderedCollections */,
			);
			productName = "Weather-App";
			productReference = 3156D4CB28CC915A00C76E07 /* Weather-App.app */;
			productType = "com.apple.product-type.application";
		};
/* End PBXNativeTarget section */

/* Begin PBXProject section */
		3156D4C328CC915A00C76E07 /* Project object */ = {
			isa = PBXProject;
			attributes = {
				BuildIndependentTargetsInParallel = 1;
				LastSwiftUpdateCheck = 1330;
				LastUpgradeCheck = 1330;
				TargetAttributes = {
					3156D4CA28CC915A00C76E07 = {
						CreatedOnToolsVersion = 13.3.1;
					};
				};
			};
			buildConfigurationList = 3156D4C628CC915A00C76E07 /* Build configuration list for PBXProject "Weather-App" */;
			compatibilityVersion = "Xcode 13.0";
			developmentRegion = en;
			hasScannedForEncodings = 0;
			knownRegions = (
				en,
				Base,
			);
			mainGroup = 3156D4C228CC915A00C76E07;
			packageReferences = (
				314E73F1292810230051F41C /* XCRemoteSwiftPackageReference "swift-collections" */,
			);
			productRefGroup = 3156D4CC28CC915A00C76E07 /* Products */;
			projectDirPath = "";
			projectRoot = "";
			targets = (
				3156D4CA28CC915A00C76E07 /* Weather-App */,
			);
		};
/* End PBXProject section */

/* Begin PBXResourcesBuildPhase section */
		3156D4C928CC915A00C76E07 /* Resources */ = {
			isa = PBXResourcesBuildPhase;
			buildActionMask = 2147483647;
			files = (
				3156D4DB28CC915B00C76E07 /* LaunchScreen.storyboard in Resources */,
				3156D4D828CC915B00C76E07 /* Assets.xcassets in Resources */,
			);
			runOnlyForDeploymentPostprocessing = 0;
		};
/* End PBXResourcesBuildPhase section */

/* Begin PBXShellScriptBuildPhase section */
		93167CD80D252553CB9CEC1E /* [CP] Embed Pods Frameworks */ = {
			isa = PBXShellScriptBuildPhase;
			buildActionMask = 2147483647;
			files = (
			);
			inputFileListPaths = (
				"${PODS_ROOT}/Target Support Files/Pods-Weather-App/Pods-Weather-App-frameworks-${CONFIGURATION}-input-files.xcfilelist",
			);
			name = "[CP] Embed Pods Frameworks";
			outputFileListPaths = (
				"${PODS_ROOT}/Target Support Files/Pods-Weather-App/Pods-Weather-App-frameworks-${CONFIGURATION}-output-files.xcfilelist",
			);
			runOnlyForDeploymentPostprocessing = 0;
			shellPath = /bin/sh;
			shellScript = "\"${PODS_ROOT}/Target Support Files/Pods-Weather-App/Pods-Weather-App-frameworks.sh\"\n";
			showEnvVarsInLog = 0;
		};
		DB6725FF63D6C595A017CE90 /* [CP] Check Pods Manifest.lock */ = {
			isa = PBXShellScriptBuildPhase;
			buildActionMask = 2147483647;
			files = (
			);
			inputFileListPaths = (
			);
			inputPaths = (
				"${PODS_PODFILE_DIR_PATH}/Podfile.lock",
				"${PODS_ROOT}/Manifest.lock",
			);
			name = "[CP] Check Pods Manifest.lock";
			outputFileListPaths = (
			);
			outputPaths = (
				"$(DERIVED_FILE_DIR)/Pods-Weather-App-checkManifestLockResult.txt",
			);
			runOnlyForDeploymentPostprocessing = 0;
			shellPath = /bin/sh;
			shellScript = "diff \"${PODS_PODFILE_DIR_PATH}/Podfile.lock\" \"${PODS_ROOT}/Manifest.lock\" > /dev/null\nif [ $? != 0 ] ; then\n    # print error to STDERR\n    echo \"error: The sandbox is not in sync with the Podfile.lock. Run 'pod install' or update your CocoaPods installation.\" >&2\n    exit 1\nfi\n# This output is used by Xcode 'outputs' to avoid re-running this script phase.\necho \"SUCCESS\" > \"${SCRIPT_OUTPUT_FILE_0}\"\n";
			showEnvVarsInLog = 0;
		};
/* End PBXShellScriptBuildPhase section */

/* Begin PBXSourcesBuildPhase section */
		3156D4C728CC915A00C76E07 /* Sources */ = {
			isa = PBXSourcesBuildPhase;
			buildActionMask = 2147483647;
			files = (
				31A85DFB2927C8F200FC6632 /* HomeResponse.swift in Sources */,
				314E73F02927FA0A0051F41C /* HomeModel.swift in Sources */,
				31DFAEF9291F5BA400EAE84B /* NetworkError.swift in Sources */,
				31EEBD5429281DD400D8476C /* WeatherBottomAssembly.swift in Sources */,
				31D88C612931014A003B633D /* WeatherService.swift in Sources */,
				31D88C5F2930FF89003B633D /* WeatherListRouter.swift in Sources */,
				3156D4CF28CC915A00C76E07 /* AppDelegate.swift in Sources */,
				31EEBD5829281F4200D8476C /* WeatherBottomSheetPresenter.swift in Sources */,
				31EBB29329311F3C00E3D1B2 /* WeatherDayModel.swift in Sources */,
				3185DC8928DEEBF7001703DA /* WeatherBottomSheetViewController.swift in Sources */,
				31A85DF72927C6B900FC6632 /* HomeService.swift in Sources */,
				3122EF90290C32E00033133A /* WeatherCollectionViewController.swift in Sources */,
				31D88C5D2930F98F003B633D /* WeatherListResponse.swift in Sources */,
				31A85DF92927C8E500FC6632 /* HomeRouter.swift in Sources */,
				31DFAEFA291F5BA400EAE84B /* Router.swift in Sources */,
				31A85DFD2927EF0500FC6632 /* HomeAssembly.swift in Sources */,
				31FA95C92911CF0A00E3B7F8 /* WeatherCollectionViewCell.swift in Sources */,
				3122EF8E290C256B0033133A /* WeatherTableCell.swift in Sources */,
				31E444C828D5B221002EFEA3 /* HomeViewPresenter.swift in Sources */,
				31042F7128CCA95D0090CBD3 /* HomeViewController.swift in Sources */,
				31DFAEF8291F5BA400EAE84B /* HTTPMethod.swift in Sources */,
				31DFAEF7291F5BA400EAE84B /* NetworkService.swift in Sources */,
				3122EF94290CEF5A0033133A /* WeatherTableViewHeader.swift in Sources */,
			);
			runOnlyForDeploymentPostprocessing = 0;
		};
/* End PBXSourcesBuildPhase section */

/* Begin PBXVariantGroup section */
		3156D4D928CC915B00C76E07 /* LaunchScreen.storyboard */ = {
			isa = PBXVariantGroup;
			children = (
				3156D4DA28CC915B00C76E07 /* Base */,
			);
			name = LaunchScreen.storyboard;
			sourceTree = "<group>";
		};
/* End PBXVariantGroup section */

/* Begin XCBuildConfiguration section */
		3156D4DD28CC915B00C76E07 /* Debug */ = {
			isa = XCBuildConfiguration;
			buildSettings = {
				ALWAYS_SEARCH_USER_PATHS = NO;
				CLANG_ANALYZER_NONNULL = YES;
				CLANG_ANALYZER_NUMBER_OBJECT_CONVERSION = YES_AGGRESSIVE;
				CLANG_CXX_LANGUAGE_STANDARD = "gnu++17";
				CLANG_ENABLE_MODULES = YES;
				CLANG_ENABLE_OBJC_ARC = YES;
				CLANG_ENABLE_OBJC_WEAK = YES;
				CLANG_WARN_BLOCK_CAPTURE_AUTORELEASING = YES;
				CLANG_WARN_BOOL_CONVERSION = YES;
				CLANG_WARN_COMMA = YES;
				CLANG_WARN_CONSTANT_CONVERSION = YES;
				CLANG_WARN_DEPRECATED_OBJC_IMPLEMENTATIONS = YES;
				CLANG_WARN_DIRECT_OBJC_ISA_USAGE = YES_ERROR;
				CLANG_WARN_DOCUMENTATION_COMMENTS = YES;
				CLANG_WARN_EMPTY_BODY = YES;
				CLANG_WARN_ENUM_CONVERSION = YES;
				CLANG_WARN_INFINITE_RECURSION = YES;
				CLANG_WARN_INT_CONVERSION = YES;
				CLANG_WARN_NON_LITERAL_NULL_CONVERSION = YES;
				CLANG_WARN_OBJC_IMPLICIT_RETAIN_SELF = YES;
				CLANG_WARN_OBJC_LITERAL_CONVERSION = YES;
				CLANG_WARN_OBJC_ROOT_CLASS = YES_ERROR;
				CLANG_WARN_QUOTED_INCLUDE_IN_FRAMEWORK_HEADER = YES;
				CLANG_WARN_RANGE_LOOP_ANALYSIS = YES;
				CLANG_WARN_STRICT_PROTOTYPES = YES;
				CLANG_WARN_SUSPICIOUS_MOVE = YES;
				CLANG_WARN_UNGUARDED_AVAILABILITY = YES_AGGRESSIVE;
				CLANG_WARN_UNREACHABLE_CODE = YES;
				CLANG_WARN__DUPLICATE_METHOD_MATCH = YES;
				COPY_PHASE_STRIP = NO;
				DEBUG_INFORMATION_FORMAT = dwarf;
				ENABLE_STRICT_OBJC_MSGSEND = YES;
				ENABLE_TESTABILITY = YES;
				GCC_C_LANGUAGE_STANDARD = gnu11;
				GCC_DYNAMIC_NO_PIC = NO;
				GCC_NO_COMMON_BLOCKS = YES;
				GCC_OPTIMIZATION_LEVEL = 0;
				GCC_PREPROCESSOR_DEFINITIONS = (
					"DEBUG=1",
					"$(inherited)",
				);
				GCC_WARN_64_TO_32_BIT_CONVERSION = YES;
				GCC_WARN_ABOUT_RETURN_TYPE = YES_ERROR;
				GCC_WARN_UNDECLARED_SELECTOR = YES;
				GCC_WARN_UNINITIALIZED_AUTOS = YES_AGGRESSIVE;
				GCC_WARN_UNUSED_FUNCTION = YES;
				GCC_WARN_UNUSED_VARIABLE = YES;
				IPHONEOS_DEPLOYMENT_TARGET = 15.4;
				MTL_ENABLE_DEBUG_INFO = INCLUDE_SOURCE;
				MTL_FAST_MATH = YES;
				ONLY_ACTIVE_ARCH = YES;
				SDKROOT = iphoneos;
				SWIFT_ACTIVE_COMPILATION_CONDITIONS = DEBUG;
				SWIFT_OPTIMIZATION_LEVEL = "-Onone";
			};
			name = Debug;
		};
		3156D4DE28CC915B00C76E07 /* Release */ = {
			isa = XCBuildConfiguration;
			buildSettings = {
				ALWAYS_SEARCH_USER_PATHS = NO;
				CLANG_ANALYZER_NONNULL = YES;
				CLANG_ANALYZER_NUMBER_OBJECT_CONVERSION = YES_AGGRESSIVE;
				CLANG_CXX_LANGUAGE_STANDARD = "gnu++17";
				CLANG_ENABLE_MODULES = YES;
				CLANG_ENABLE_OBJC_ARC = YES;
				CLANG_ENABLE_OBJC_WEAK = YES;
				CLANG_WARN_BLOCK_CAPTURE_AUTORELEASING = YES;
				CLANG_WARN_BOOL_CONVERSION = YES;
				CLANG_WARN_COMMA = YES;
				CLANG_WARN_CONSTANT_CONVERSION = YES;
				CLANG_WARN_DEPRECATED_OBJC_IMPLEMENTATIONS = YES;
				CLANG_WARN_DIRECT_OBJC_ISA_USAGE = YES_ERROR;
				CLANG_WARN_DOCUMENTATION_COMMENTS = YES;
				CLANG_WARN_EMPTY_BODY = YES;
				CLANG_WARN_ENUM_CONVERSION = YES;
				CLANG_WARN_INFINITE_RECURSION = YES;
				CLANG_WARN_INT_CONVERSION = YES;
				CLANG_WARN_NON_LITERAL_NULL_CONVERSION = YES;
				CLANG_WARN_OBJC_IMPLICIT_RETAIN_SELF = YES;
				CLANG_WARN_OBJC_LITERAL_CONVERSION = YES;
				CLANG_WARN_OBJC_ROOT_CLASS = YES_ERROR;
				CLANG_WARN_QUOTED_INCLUDE_IN_FRAMEWORK_HEADER = YES;
				CLANG_WARN_RANGE_LOOP_ANALYSIS = YES;
				CLANG_WARN_STRICT_PROTOTYPES = YES;
				CLANG_WARN_SUSPICIOUS_MOVE = YES;
				CLANG_WARN_UNGUARDED_AVAILABILITY = YES_AGGRESSIVE;
				CLANG_WARN_UNREACHABLE_CODE = YES;
				CLANG_WARN__DUPLICATE_METHOD_MATCH = YES;
				COPY_PHASE_STRIP = NO;
				DEBUG_INFORMATION_FORMAT = "dwarf-with-dsym";
				ENABLE_NS_ASSERTIONS = NO;
				ENABLE_STRICT_OBJC_MSGSEND = YES;
				GCC_C_LANGUAGE_STANDARD = gnu11;
				GCC_NO_COMMON_BLOCKS = YES;
				GCC_WARN_64_TO_32_BIT_CONVERSION = YES;
				GCC_WARN_ABOUT_RETURN_TYPE = YES_ERROR;
				GCC_WARN_UNDECLARED_SELECTOR = YES;
				GCC_WARN_UNINITIALIZED_AUTOS = YES_AGGRESSIVE;
				GCC_WARN_UNUSED_FUNCTION = YES;
				GCC_WARN_UNUSED_VARIABLE = YES;
				IPHONEOS_DEPLOYMENT_TARGET = 15.4;
				MTL_ENABLE_DEBUG_INFO = NO;
				MTL_FAST_MATH = YES;
				SDKROOT = iphoneos;
				SWIFT_COMPILATION_MODE = wholemodule;
				SWIFT_OPTIMIZATION_LEVEL = "-O";
				VALIDATE_PRODUCT = YES;
			};
			name = Release;
		};
		3156D4E028CC915B00C76E07 /* Debug */ = {
			isa = XCBuildConfiguration;
			baseConfigurationReference = 889DDACD26D0BFBA54BDA69C /* Pods-Weather-App.debug.xcconfig */;
			buildSettings = {
				ASSETCATALOG_COMPILER_APPICON_NAME = AppIcon;
				ASSETCATALOG_COMPILER_GLOBAL_ACCENT_COLOR_NAME = AccentColor;
				CODE_SIGN_STYLE = Automatic;
				CURRENT_PROJECT_VERSION = 1;
				DEVELOPMENT_TEAM = 9FL86YJ9KA;
				GENERATE_INFOPLIST_FILE = YES;
				INFOPLIST_FILE = "Weather-App/Application/Info.plist";
				INFOPLIST_KEY_UIApplicationSupportsIndirectInputEvents = YES;
				INFOPLIST_KEY_UILaunchStoryboardName = LaunchScreen;
				INFOPLIST_KEY_UISupportedInterfaceOrientations_iPad = "UIInterfaceOrientationPortrait UIInterfaceOrientationPortraitUpsideDown UIInterfaceOrientationLandscapeLeft UIInterfaceOrientationLandscapeRight";
				INFOPLIST_KEY_UISupportedInterfaceOrientations_iPhone = "UIInterfaceOrientationPortrait UIInterfaceOrientationLandscapeLeft UIInterfaceOrientationLandscapeRight";
				LD_RUNPATH_SEARCH_PATHS = (
					"$(inherited)",
					"@executable_path/Frameworks",
				);
				MARKETING_VERSION = 1.0;
				PRODUCT_BUNDLE_IDENTIFIER = "kz.Weather-App";
				PRODUCT_NAME = "$(TARGET_NAME)";
				SWIFT_EMIT_LOC_STRINGS = YES;
				SWIFT_VERSION = 5.0;
				TARGETED_DEVICE_FAMILY = "1,2";
			};
			name = Debug;
		};
		3156D4E128CC915B00C76E07 /* Release */ = {
			isa = XCBuildConfiguration;
			baseConfigurationReference = B4622335F86FD22607C78879 /* Pods-Weather-App.release.xcconfig */;
			buildSettings = {
				ASSETCATALOG_COMPILER_APPICON_NAME = AppIcon;
				ASSETCATALOG_COMPILER_GLOBAL_ACCENT_COLOR_NAME = AccentColor;
				CODE_SIGN_STYLE = Automatic;
				CURRENT_PROJECT_VERSION = 1;
				DEVELOPMENT_TEAM = 9FL86YJ9KA;
				GENERATE_INFOPLIST_FILE = YES;
				INFOPLIST_FILE = "Weather-App/Application/Info.plist";
				INFOPLIST_KEY_UIApplicationSupportsIndirectInputEvents = YES;
				INFOPLIST_KEY_UILaunchStoryboardName = LaunchScreen;
				INFOPLIST_KEY_UISupportedInterfaceOrientations_iPad = "UIInterfaceOrientationPortrait UIInterfaceOrientationPortraitUpsideDown UIInterfaceOrientationLandscapeLeft UIInterfaceOrientationLandscapeRight";
				INFOPLIST_KEY_UISupportedInterfaceOrientations_iPhone = "UIInterfaceOrientationPortrait UIInterfaceOrientationLandscapeLeft UIInterfaceOrientationLandscapeRight";
				LD_RUNPATH_SEARCH_PATHS = (
					"$(inherited)",
					"@executable_path/Frameworks",
				);
				MARKETING_VERSION = 1.0;
				PRODUCT_BUNDLE_IDENTIFIER = "kz.Weather-App";
				PRODUCT_NAME = "$(TARGET_NAME)";
				SWIFT_EMIT_LOC_STRINGS = YES;
				SWIFT_VERSION = 5.0;
				TARGETED_DEVICE_FAMILY = "1,2";
			};
			name = Release;
		};
/* End XCBuildConfiguration section */

/* Begin XCConfigurationList section */
		3156D4C628CC915A00C76E07 /* Build configuration list for PBXProject "Weather-App" */ = {
			isa = XCConfigurationList;
			buildConfigurations = (
				3156D4DD28CC915B00C76E07 /* Debug */,
				3156D4DE28CC915B00C76E07 /* Release */,
			);
			defaultConfigurationIsVisible = 0;
			defaultConfigurationName = Release;
		};
		3156D4DF28CC915B00C76E07 /* Build configuration list for PBXNativeTarget "Weather-App" */ = {
			isa = XCConfigurationList;
			buildConfigurations = (
				3156D4E028CC915B00C76E07 /* Debug */,
				3156D4E128CC915B00C76E07 /* Release */,
			);
			defaultConfigurationIsVisible = 0;
			defaultConfigurationName = Release;
		};
/* End XCConfigurationList section */

/* Begin XCRemoteSwiftPackageReference section */
		314E73F1292810230051F41C /* XCRemoteSwiftPackageReference "swift-collections" */ = {
			isa = XCRemoteSwiftPackageReference;
			repositoryURL = "https://github.com/apple/swift-collections.git";
			requirement = {
				kind = upToNextMajorVersion;
				minimumVersion = 1.0.0;
			};
		};
/* End XCRemoteSwiftPackageReference section */

/* Begin XCSwiftPackageProductDependency section */
		314E73F2292810240051F41C /* Collections */ = {
			isa = XCSwiftPackageProductDependency;
			package = 314E73F1292810230051F41C /* XCRemoteSwiftPackageReference "swift-collections" */;
			productName = Collections;
		};
		314E73F4292810240051F41C /* DequeModule */ = {
			isa = XCSwiftPackageProductDependency;
			package = 314E73F1292810230051F41C /* XCRemoteSwiftPackageReference "swift-collections" */;
			productName = DequeModule;
		};
		314E73F6292810240051F41C /* OrderedCollections */ = {
			isa = XCSwiftPackageProductDependency;
			package = 314E73F1292810230051F41C /* XCRemoteSwiftPackageReference "swift-collections" */;
			productName = OrderedCollections;
		};
/* End XCSwiftPackageProductDependency section */
	};
	rootObject = 3156D4C328CC915A00C76E07 /* Project object */;
}
